// !$*UTF8*$!
{
	archiveVersion = 1;
	classes = {
	};
	objectVersion = 56;
	objects = {

/* Begin PBXBuildFile section */
		D017617E2A86216600926960 /* PEASApp.swift in Sources */ = {isa = PBXBuildFile; fileRef = D017617D2A86216600926960 /* PEASApp.swift */; };
		D01761802A86216600926960 /* AppView.swift in Sources */ = {isa = PBXBuildFile; fileRef = D017617F2A86216600926960 /* AppView.swift */; };
		D01761822A86216700926960 /* Assets.xcassets in Resources */ = {isa = PBXBuildFile; fileRef = D01761812A86216700926960 /* Assets.xcassets */; };
		D01761852A86216700926960 /* Preview Assets.xcassets in Resources */ = {isa = PBXBuildFile; fileRef = D01761842A86216700926960 /* Preview Assets.xcassets */; };
		D017618C2A86245800926960 /* LaunchScreen.storyboard in Resources */ = {isa = PBXBuildFile; fileRef = D017618B2A86245800926960 /* LaunchScreen.storyboard */; };
		D02659992A87313900655C23 /* Font+Extension.swift in Sources */ = {isa = PBXBuildFile; fileRef = D02659982A87313900655C23 /* Font+Extension.swift */; };
		D026599B2A8731D000655C23 /* FeedbackClient.swift in Sources */ = {isa = PBXBuildFile; fileRef = D026599A2A8731D000655C23 /* FeedbackClient.swift */; };
		D026599E2A87328D00655C23 /* Colors.swift in Sources */ = {isa = PBXBuildFile; fileRef = D026599D2A87328D00655C23 /* Colors.swift */; };
		D02659A02A87333000655C23 /* UIColor+Extension.swift in Sources */ = {isa = PBXBuildFile; fileRef = D026599F2A87333000655C23 /* UIColor+Extension.swift */; };
		D02659A32A87341300655C23 /* DashboardVM.swift in Sources */ = {isa = PBXBuildFile; fileRef = D02659A22A87341300655C23 /* DashboardVM.swift */; };
		D02659A52A87342100655C23 /* DashboardView.swift in Sources */ = {isa = PBXBuildFile; fileRef = D02659A42A87342100655C23 /* DashboardView.swift */; };
		D02659A82A87363300655C23 /* CalendarView.swift in Sources */ = {isa = PBXBuildFile; fileRef = D02659A72A87363300655C23 /* CalendarView.swift */; };
		D02659AA2A87363E00655C23 /* CalendarVM.swift in Sources */ = {isa = PBXBuildFile; fileRef = D02659A92A87363E00655C23 /* CalendarVM.swift */; };
		D02659AD2A87369C00655C23 /* PortalView.swift in Sources */ = {isa = PBXBuildFile; fileRef = D02659AC2A87369C00655C23 /* PortalView.swift */; };
		D02659AF2A8736AD00655C23 /* PortalVM.swift in Sources */ = {isa = PBXBuildFile; fileRef = D02659AE2A8736AD00655C23 /* PortalVM.swift */; };
/* End PBXBuildFile section */

/* Begin PBXFileReference section */
		D017617A2A86216600926960 /* PEAS.app */ = {isa = PBXFileReference; explicitFileType = wrapper.application; includeInIndex = 0; path = PEAS.app; sourceTree = BUILT_PRODUCTS_DIR; };
		D017617D2A86216600926960 /* PEASApp.swift */ = {isa = PBXFileReference; lastKnownFileType = sourcecode.swift; path = PEASApp.swift; sourceTree = "<group>"; };
		D017617F2A86216600926960 /* AppView.swift */ = {isa = PBXFileReference; lastKnownFileType = sourcecode.swift; path = AppView.swift; sourceTree = "<group>"; };
		D01761812A86216700926960 /* Assets.xcassets */ = {isa = PBXFileReference; lastKnownFileType = folder.assetcatalog; path = Assets.xcassets; sourceTree = "<group>"; };
		D01761842A86216700926960 /* Preview Assets.xcassets */ = {isa = PBXFileReference; lastKnownFileType = folder.assetcatalog; path = "Preview Assets.xcassets"; sourceTree = "<group>"; };
		D017618B2A86245800926960 /* LaunchScreen.storyboard */ = {isa = PBXFileReference; lastKnownFileType = file.storyboard; path = LaunchScreen.storyboard; sourceTree = "<group>"; };
		D02659982A87313900655C23 /* Font+Extension.swift */ = {isa = PBXFileReference; lastKnownFileType = sourcecode.swift; path = "Font+Extension.swift"; sourceTree = "<group>"; };
		D026599A2A8731D000655C23 /* FeedbackClient.swift */ = {isa = PBXFileReference; lastKnownFileType = sourcecode.swift; path = FeedbackClient.swift; sourceTree = "<group>"; };
		D026599D2A87328D00655C23 /* Colors.swift */ = {isa = PBXFileReference; lastKnownFileType = sourcecode.swift; path = Colors.swift; sourceTree = "<group>"; };
		D026599F2A87333000655C23 /* UIColor+Extension.swift */ = {isa = PBXFileReference; lastKnownFileType = sourcecode.swift; path = "UIColor+Extension.swift"; sourceTree = "<group>"; };
		D02659A22A87341300655C23 /* DashboardVM.swift */ = {isa = PBXFileReference; lastKnownFileType = sourcecode.swift; path = DashboardVM.swift; sourceTree = "<group>"; };
		D02659A42A87342100655C23 /* DashboardView.swift */ = {isa = PBXFileReference; lastKnownFileType = sourcecode.swift; path = DashboardView.swift; sourceTree = "<group>"; };
		D02659A72A87363300655C23 /* CalendarView.swift */ = {isa = PBXFileReference; lastKnownFileType = sourcecode.swift; path = CalendarView.swift; sourceTree = "<group>"; };
		D02659A92A87363E00655C23 /* CalendarVM.swift */ = {isa = PBXFileReference; lastKnownFileType = sourcecode.swift; path = CalendarVM.swift; sourceTree = "<group>"; };
		D02659AC2A87369C00655C23 /* PortalView.swift */ = {isa = PBXFileReference; lastKnownFileType = sourcecode.swift; path = PortalView.swift; sourceTree = "<group>"; };
		D02659AE2A8736AD00655C23 /* PortalVM.swift */ = {isa = PBXFileReference; lastKnownFileType = sourcecode.swift; path = PortalVM.swift; sourceTree = "<group>"; };
/* End PBXFileReference section */

/* Begin PBXFrameworksBuildPhase section */
		D01761772A86216600926960 /* Frameworks */ = {
			isa = PBXFrameworksBuildPhase;
			buildActionMask = 2147483647;
			files = (
			);
			runOnlyForDeploymentPostprocessing = 0;
		};
/* End PBXFrameworksBuildPhase section */

/* Begin PBXGroup section */
		D01761712A86216600926960 = {
			isa = PBXGroup;
			children = (
				D017617C2A86216600926960 /* PEAS */,
				D017617B2A86216600926960 /* Products */,
			);
			sourceTree = "<group>";
		};
		D017617B2A86216600926960 /* Products */ = {
			isa = PBXGroup;
			children = (
				D017617A2A86216600926960 /* PEAS.app */,
			);
			name = Products;
			sourceTree = "<group>";
		};
		D017617C2A86216600926960 /* PEAS */ = {
			isa = PBXGroup;
			children = (
				D02659912A868D8F00655C23 /* Clients */,
				D02659922A868DDC00655C23 /* Model */,
				D02659942A868DF300655C23 /* View */,
				D02659932A868DE600655C23 /* ViewModel */,
				D02659962A868E5800655C23 /* Utilities */,
				D017617D2A86216600926960 /* PEASApp.swift */,
				D017617F2A86216600926960 /* AppView.swift */,
				D01761812A86216700926960 /* Assets.xcassets */,
				D01761832A86216700926960 /* Preview Content */,
				D017618B2A86245800926960 /* LaunchScreen.storyboard */,
			);
			path = PEAS;
			sourceTree = "<group>";
		};
		D01761832A86216700926960 /* Preview Content */ = {
			isa = PBXGroup;
			children = (
				D01761842A86216700926960 /* Preview Assets.xcassets */,
			);
			path = "Preview Content";
			sourceTree = "<group>";
		};
		D02659912A868D8F00655C23 /* Clients */ = {
			isa = PBXGroup;
			children = (
				D026599A2A8731D000655C23 /* FeedbackClient.swift */,
			);
			path = Clients;
			sourceTree = "<group>";
		};
		D02659922A868DDC00655C23 /* Model */ = {
			isa = PBXGroup;
			children = (
			);
			path = Model;
			sourceTree = "<group>";
		};
		D02659932A868DE600655C23 /* ViewModel */ = {
			isa = PBXGroup;
			children = (
			);
			path = ViewModel;
			sourceTree = "<group>";
		};
		D02659942A868DF300655C23 /* View */ = {
			isa = PBXGroup;
			children = (
				D02659AB2A87368F00655C23 /* Portal */,
				D02659A62A87350100655C23 /* Calendar */,
				D02659A12A8733F300655C23 /* Dashboard */,
			);
			path = View;
			sourceTree = "<group>";
		};
		D02659962A868E5800655C23 /* Utilities */ = {
			isa = PBXGroup;
			children = (
				D026599C2A87328500655C23 /* Styles */,
				D02659972A87311000655C23 /* Extensions */,
			);
			path = Utilities;
			sourceTree = "<group>";
		};
		D02659972A87311000655C23 /* Extensions */ = {
			isa = PBXGroup;
			children = (
				D02659982A87313900655C23 /* Font+Extension.swift */,
				D026599F2A87333000655C23 /* UIColor+Extension.swift */,
			);
			path = Extensions;
			sourceTree = "<group>";
		};
		D026599C2A87328500655C23 /* Styles */ = {
			isa = PBXGroup;
			children = (
				D026599D2A87328D00655C23 /* Colors.swift */,
			);
			path = Styles;
			sourceTree = "<group>";
		};
		D02659A12A8733F300655C23 /* Dashboard */ = {
			isa = PBXGroup;
			children = (
				D02659A42A87342100655C23 /* DashboardView.swift */,
				D02659A22A87341300655C23 /* DashboardVM.swift */,
			);
			path = Dashboard;
			sourceTree = "<group>";
		};
		D02659A62A87350100655C23 /* Calendar */ = {
			isa = PBXGroup;
			children = (
				D02659A72A87363300655C23 /* CalendarView.swift */,
				D02659A92A87363E00655C23 /* CalendarVM.swift */,
			);
			path = Calendar;
			sourceTree = "<group>";
		};
		D02659AB2A87368F00655C23 /* Portal */ = {
			isa = PBXGroup;
			children = (
				D02659AC2A87369C00655C23 /* PortalView.swift */,
				D02659AE2A8736AD00655C23 /* PortalVM.swift */,
			);
			path = Portal;
			sourceTree = "<group>";
		};
/* End PBXGroup section */

/* Begin PBXNativeTarget section */
		D01761792A86216600926960 /* PEAS */ = {
			isa = PBXNativeTarget;
			buildConfigurationList = D01761882A86216700926960 /* Build configuration list for PBXNativeTarget "PEAS" */;
			buildPhases = (
				D01761762A86216600926960 /* Sources */,
				D01761772A86216600926960 /* Frameworks */,
				D01761782A86216600926960 /* Resources */,
			);
			buildRules = (
			);
			dependencies = (
			);
			name = PEAS;
			productName = PEAS;
			productReference = D017617A2A86216600926960 /* PEAS.app */;
			productType = "com.apple.product-type.application";
		};
/* End PBXNativeTarget section */

/* Begin PBXProject section */
		D01761722A86216600926960 /* Project object */ = {
			isa = PBXProject;
			attributes = {
				BuildIndependentTargetsInParallel = 1;
				LastSwiftUpdateCheck = 1430;
				LastUpgradeCheck = 1430;
				TargetAttributes = {
					D01761792A86216600926960 = {
						CreatedOnToolsVersion = 14.3;
					};
				};
			};
			buildConfigurationList = D01761752A86216600926960 /* Build configuration list for PBXProject "PEAS" */;
			compatibilityVersion = "Xcode 14.0";
			developmentRegion = en;
			hasScannedForEncodings = 0;
			knownRegions = (
				en,
				Base,
			);
			mainGroup = D01761712A86216600926960;
			productRefGroup = D017617B2A86216600926960 /* Products */;
			projectDirPath = "";
			projectRoot = "";
			targets = (
				D01761792A86216600926960 /* PEAS */,
			);
		};
/* End PBXProject section */

/* Begin PBXResourcesBuildPhase section */
		D01761782A86216600926960 /* Resources */ = {
			isa = PBXResourcesBuildPhase;
			buildActionMask = 2147483647;
			files = (
				D017618C2A86245800926960 /* LaunchScreen.storyboard in Resources */,
				D01761852A86216700926960 /* Preview Assets.xcassets in Resources */,
				D01761822A86216700926960 /* Assets.xcassets in Resources */,
			);
			runOnlyForDeploymentPostprocessing = 0;
		};
/* End PBXResourcesBuildPhase section */

/* Begin PBXSourcesBuildPhase section */
		D01761762A86216600926960 /* Sources */ = {
			isa = PBXSourcesBuildPhase;
			buildActionMask = 2147483647;
			files = (
				D01761802A86216600926960 /* AppView.swift in Sources */,
				D02659A52A87342100655C23 /* DashboardView.swift in Sources */,
				D02659AF2A8736AD00655C23 /* PortalVM.swift in Sources */,
				D026599E2A87328D00655C23 /* Colors.swift in Sources */,
				D017617E2A86216600926960 /* PEASApp.swift in Sources */,
				D02659AD2A87369C00655C23 /* PortalView.swift in Sources */,
				D02659AA2A87363E00655C23 /* CalendarVM.swift in Sources */,
				D02659A02A87333000655C23 /* UIColor+Extension.swift in Sources */,
				D02659A82A87363300655C23 /* CalendarView.swift in Sources */,
				D02659992A87313900655C23 /* Font+Extension.swift in Sources */,
				D026599B2A8731D000655C23 /* FeedbackClient.swift in Sources */,
				D02659A32A87341300655C23 /* DashboardVM.swift in Sources */,
			);
			runOnlyForDeploymentPostprocessing = 0;
		};
/* End PBXSourcesBuildPhase section */

/* Begin XCBuildConfiguration section */
		D01761862A86216700926960 /* Debug */ = {
			isa = XCBuildConfiguration;
			buildSettings = {
				ALWAYS_SEARCH_USER_PATHS = NO;
				CLANG_ANALYZER_NONNULL = YES;
				CLANG_ANALYZER_NUMBER_OBJECT_CONVERSION = YES_AGGRESSIVE;
				CLANG_CXX_LANGUAGE_STANDARD = "gnu++20";
				CLANG_ENABLE_MODULES = YES;
				CLANG_ENABLE_OBJC_ARC = YES;
				CLANG_ENABLE_OBJC_WEAK = YES;
				CLANG_WARN_BLOCK_CAPTURE_AUTORELEASING = YES;
				CLANG_WARN_BOOL_CONVERSION = YES;
				CLANG_WARN_COMMA = YES;
				CLANG_WARN_CONSTANT_CONVERSION = YES;
				CLANG_WARN_DEPRECATED_OBJC_IMPLEMENTATIONS = YES;
				CLANG_WARN_DIRECT_OBJC_ISA_USAGE = YES_ERROR;
				CLANG_WARN_DOCUMENTATION_COMMENTS = YES;
				CLANG_WARN_EMPTY_BODY = YES;
				CLANG_WARN_ENUM_CONVERSION = YES;
				CLANG_WARN_INFINITE_RECURSION = YES;
				CLANG_WARN_INT_CONVERSION = YES;
				CLANG_WARN_NON_LITERAL_NULL_CONVERSION = YES;
				CLANG_WARN_OBJC_IMPLICIT_RETAIN_SELF = YES;
				CLANG_WARN_OBJC_LITERAL_CONVERSION = YES;
				CLANG_WARN_OBJC_ROOT_CLASS = YES_ERROR;
				CLANG_WARN_QUOTED_INCLUDE_IN_FRAMEWORK_HEADER = YES;
				CLANG_WARN_RANGE_LOOP_ANALYSIS = YES;
				CLANG_WARN_STRICT_PROTOTYPES = YES;
				CLANG_WARN_SUSPICIOUS_MOVE = YES;
				CLANG_WARN_UNGUARDED_AVAILABILITY = YES_AGGRESSIVE;
				CLANG_WARN_UNREACHABLE_CODE = YES;
				CLANG_WARN__DUPLICATE_METHOD_MATCH = YES;
				COPY_PHASE_STRIP = NO;
				DEBUG_INFORMATION_FORMAT = dwarf;
				ENABLE_STRICT_OBJC_MSGSEND = YES;
				ENABLE_TESTABILITY = YES;
				GCC_C_LANGUAGE_STANDARD = gnu11;
				GCC_DYNAMIC_NO_PIC = NO;
				GCC_NO_COMMON_BLOCKS = YES;
				GCC_OPTIMIZATION_LEVEL = 0;
				GCC_PREPROCESSOR_DEFINITIONS = (
					"DEBUG=1",
					"$(inherited)",
				);
				GCC_WARN_64_TO_32_BIT_CONVERSION = YES;
				GCC_WARN_ABOUT_RETURN_TYPE = YES_ERROR;
				GCC_WARN_UNDECLARED_SELECTOR = YES;
				GCC_WARN_UNINITIALIZED_AUTOS = YES_AGGRESSIVE;
				GCC_WARN_UNUSED_FUNCTION = YES;
				GCC_WARN_UNUSED_VARIABLE = YES;
				IPHONEOS_DEPLOYMENT_TARGET = 16.4;
				MTL_ENABLE_DEBUG_INFO = INCLUDE_SOURCE;
				MTL_FAST_MATH = YES;
				ONLY_ACTIVE_ARCH = YES;
				SDKROOT = iphoneos;
				SWIFT_ACTIVE_COMPILATION_CONDITIONS = DEBUG;
				SWIFT_OPTIMIZATION_LEVEL = "-Onone";
			};
			name = Debug;
		};
		D01761872A86216700926960 /* Release */ = {
			isa = XCBuildConfiguration;
			buildSettings = {
				ALWAYS_SEARCH_USER_PATHS = NO;
				CLANG_ANALYZER_NONNULL = YES;
				CLANG_ANALYZER_NUMBER_OBJECT_CONVERSION = YES_AGGRESSIVE;
				CLANG_CXX_LANGUAGE_STANDARD = "gnu++20";
				CLANG_ENABLE_MODULES = YES;
				CLANG_ENABLE_OBJC_ARC = YES;
				CLANG_ENABLE_OBJC_WEAK = YES;
				CLANG_WARN_BLOCK_CAPTURE_AUTORELEASING = YES;
				CLANG_WARN_BOOL_CONVERSION = YES;
				CLANG_WARN_COMMA = YES;
				CLANG_WARN_CONSTANT_CONVERSION = YES;
				CLANG_WARN_DEPRECATED_OBJC_IMPLEMENTATIONS = YES;
				CLANG_WARN_DIRECT_OBJC_ISA_USAGE = YES_ERROR;
				CLANG_WARN_DOCUMENTATION_COMMENTS = YES;
				CLANG_WARN_EMPTY_BODY = YES;
				CLANG_WARN_ENUM_CONVERSION = YES;
				CLANG_WARN_INFINITE_RECURSION = YES;
				CLANG_WARN_INT_CONVERSION = YES;
				CLANG_WARN_NON_LITERAL_NULL_CONVERSION = YES;
				CLANG_WARN_OBJC_IMPLICIT_RETAIN_SELF = YES;
				CLANG_WARN_OBJC_LITERAL_CONVERSION = YES;
				CLANG_WARN_OBJC_ROOT_CLASS = YES_ERROR;
				CLANG_WARN_QUOTED_INCLUDE_IN_FRAMEWORK_HEADER = YES;
				CLANG_WARN_RANGE_LOOP_ANALYSIS = YES;
				CLANG_WARN_STRICT_PROTOTYPES = YES;
				CLANG_WARN_SUSPICIOUS_MOVE = YES;
				CLANG_WARN_UNGUARDED_AVAILABILITY = YES_AGGRESSIVE;
				CLANG_WARN_UNREACHABLE_CODE = YES;
				CLANG_WARN__DUPLICATE_METHOD_MATCH = YES;
				COPY_PHASE_STRIP = NO;
				DEBUG_INFORMATION_FORMAT = "dwarf-with-dsym";
				ENABLE_NS_ASSERTIONS = NO;
				ENABLE_STRICT_OBJC_MSGSEND = YES;
				GCC_C_LANGUAGE_STANDARD = gnu11;
				GCC_NO_COMMON_BLOCKS = YES;
				GCC_WARN_64_TO_32_BIT_CONVERSION = YES;
				GCC_WARN_ABOUT_RETURN_TYPE = YES_ERROR;
				GCC_WARN_UNDECLARED_SELECTOR = YES;
				GCC_WARN_UNINITIALIZED_AUTOS = YES_AGGRESSIVE;
				GCC_WARN_UNUSED_FUNCTION = YES;
				GCC_WARN_UNUSED_VARIABLE = YES;
				IPHONEOS_DEPLOYMENT_TARGET = 16.4;
				MTL_ENABLE_DEBUG_INFO = NO;
				MTL_FAST_MATH = YES;
				SDKROOT = iphoneos;
				SWIFT_COMPILATION_MODE = wholemodule;
				SWIFT_OPTIMIZATION_LEVEL = "-O";
				VALIDATE_PRODUCT = YES;
			};
			name = Release;
		};
		D01761892A86216700926960 /* Debug */ = {
			isa = XCBuildConfiguration;
			buildSettings = {
				ASSETCATALOG_COMPILER_APPICON_NAME = AppIcon;
				ASSETCATALOG_COMPILER_GLOBAL_ACCENT_COLOR_NAME = AccentColor;
				CODE_SIGN_STYLE = Automatic;
				CURRENT_PROJECT_VERSION = 1;
				DEVELOPMENT_ASSET_PATHS = "\"PEAS/Preview Content\"";
				DEVELOPMENT_TEAM = HMK8J32K98;
				ENABLE_PREVIEWS = YES;
				GENERATE_INFOPLIST_FILE = YES;
				INFOPLIST_KEY_CFBundleDisplayName = PEAS;
				INFOPLIST_KEY_LSApplicationCategoryType = "public.app-category.business";
				INFOPLIST_KEY_UIApplicationSceneManifest_Generation = YES;
				INFOPLIST_KEY_UIApplicationSupportsIndirectInputEvents = YES;
				INFOPLIST_KEY_UILaunchScreen_Generation = YES;
				INFOPLIST_KEY_UILaunchStoryboardName = LaunchScreen.storyboard;
				INFOPLIST_KEY_UIStatusBarStyle = "";
				INFOPLIST_KEY_UISupportedInterfaceOrientations = UIInterfaceOrientationPortrait;
				LD_RUNPATH_SEARCH_PATHS = (
					"$(inherited)",
					"@executable_path/Frameworks",
				);
				MARKETING_VERSION = 1.0;
				PRODUCT_BUNDLE_IDENTIFIER = com.strikingfinancial.business.PEAS;
				PRODUCT_NAME = "$(TARGET_NAME)";
				SUPPORTED_PLATFORMS = "iphoneos iphonesimulator";
				SUPPORTS_MACCATALYST = NO;
				SUPPORTS_MAC_DESIGNED_FOR_IPHONE_IPAD = NO;
				SWIFT_EMIT_LOC_STRINGS = YES;
				SWIFT_VERSION = 5.0;
				TARGETED_DEVICE_FAMILY = "1,2";
			};
			name = Debug;
		};
		D017618A2A86216700926960 /* Release */ = {
			isa = XCBuildConfiguration;
			buildSettings = {
				ASSETCATALOG_COMPILER_APPICON_NAME = AppIcon;
				ASSETCATALOG_COMPILER_GLOBAL_ACCENT_COLOR_NAME = AccentColor;
				CODE_SIGN_STYLE = Automatic;
				CURRENT_PROJECT_VERSION = 1;
				DEVELOPMENT_ASSET_PATHS = "\"PEAS/Preview Content\"";
				DEVELOPMENT_TEAM = HMK8J32K98;
				ENABLE_PREVIEWS = YES;
				GENERATE_INFOPLIST_FILE = YES;
				INFOPLIST_KEY_CFBundleDisplayName = PEAS;
				INFOPLIST_KEY_LSApplicationCategoryType = "public.app-category.business";
				INFOPLIST_KEY_UIApplicationSceneManifest_Generation = YES;
				INFOPLIST_KEY_UIApplicationSupportsIndirectInputEvents = YES;
				INFOPLIST_KEY_UILaunchScreen_Generation = YES;
				INFOPLIST_KEY_UILaunchStoryboardName = LaunchScreen.storyboard;
				INFOPLIST_KEY_UIStatusBarStyle = "";
				INFOPLIST_KEY_UISupportedInterfaceOrientations = UIInterfaceOrientationPortrait;
				LD_RUNPATH_SEARCH_PATHS = (
					"$(inherited)",
					"@executable_path/Frameworks",
				);
				MARKETING_VERSION = 1.0;
				PRODUCT_BUNDLE_IDENTIFIER = com.strikingfinancial.business.PEAS;
				PRODUCT_NAME = "$(TARGET_NAME)";
				SUPPORTED_PLATFORMS = "iphoneos iphonesimulator";
				SUPPORTS_MACCATALYST = NO;
				SUPPORTS_MAC_DESIGNED_FOR_IPHONE_IPAD = NO;
				SWIFT_EMIT_LOC_STRINGS = YES;
				SWIFT_VERSION = 5.0;
				TARGETED_DEVICE_FAMILY = "1,2";
			};
			name = Release;
		};
/* End XCBuildConfiguration section */

/* Begin XCConfigurationList section */
		D01761752A86216600926960 /* Build configuration list for PBXProject "PEAS" */ = {
			isa = XCConfigurationList;
			buildConfigurations = (
				D01761862A86216700926960 /* Debug */,
				D01761872A86216700926960 /* Release */,
			);
			defaultConfigurationIsVisible = 0;
			defaultConfigurationName = Release;
		};
		D01761882A86216700926960 /* Build configuration list for PBXNativeTarget "PEAS" */ = {
			isa = XCConfigurationList;
			buildConfigurations = (
				D01761892A86216700926960 /* Debug */,
				D017618A2A86216700926960 /* Release */,
			);
			defaultConfigurationIsVisible = 0;
			defaultConfigurationName = Release;
		};
/* End XCConfigurationList section */
	};
	rootObject = D01761722A86216600926960 /* Project object */;
}
